
Microsoft Visual Studio Solution File, Format Version 12.00
# Visual Studio Version 16
VisualStudioVersion = 16.0.29403.142
MinimumVisualStudioVersion = 10.0.40219.1
Project("{FAE04EC0-301F-11D3-BF4B-00C04F79EFBC}") = "LibraryCatalogueProject", "LibraryCatalogue\LibraryCatalogueProject.csproj", "{E3C352CB-DF05-49F0-AADF-7022DB0245B0}"
EndProject
Global
	GlobalSection(SolutionConfigurationPlatforms) = preSolution
		Debug|Any CPU = Debug|Any CPU
		Release|Any CPU = Release|Any CPU
	EndGlobalSection
	GlobalSection(ProjectConfigurationPlatforms) = postSolution
		{E3C352CB-DF05-49F0-AADF-7022DB0245B0}.Debug|Any CPU.ActiveCfg = Debug|Any CPU
		{E3C352CB-DF05-49F0-AADF-7022DB0245B0}.Debug|Any CPU.Build.0 = Debug|Any CPU
		{E3C352CB-DF05-49F0-AADF-7022DB0245B0}.Release|Any CPU.ActiveCfg = Release|Any CPU
		{E3C352CB-DF05-49F0-AADF-7022DB0245B0}.Release|Any CPU.Build.0 = Release|Any CPU
	EndGlobalSection
	GlobalSection(SolutionProperties) = preSolution
		HideSolutionNode = FALSE
	EndGlobalSection
	GlobalSection(ExtensibilityGlobals) = postSolution
		SolutionGuid = {FBB35D9D-5D8F-42B9-8198-059DD596AEA0}
	EndGlobalSection
EndGlobal
